Microsoft Visual Studio Solution File, Format Version 11.00
# Visual Studio 2008

Project("{40875999-F725-6E0D-C0B0-40281DE7F24B}") = "SiKINGUI", "Assembly-CSharp-vs.csproj", "{DE250399-D6CD-D511-4FB2-CC454BD1094E}"
EndProject
Project("{40875999-F725-6E0D-C0B0-40281DE7F24B}") = "SiKINGUI", "Assembly-CSharp-Editor-vs.csproj", "{4311B17C-81B4-1FFC-FAD6-6BA52D144102}"
EndProject
Global
	GlobalSection(SolutionConfigurationPlatforms) = preSolution
		Debug|Any CPU = Debug|Any CPU
		Release|Any CPU = Release|Any CPU
	EndGlobalSection
	GlobalSection(ProjectConfigurationPlatforms) = postSolution
		{DE250399-D6CD-D511-4FB2-CC454BD1094E}.Debug|Any CPU.ActiveCfg = Debug|Any CPU
		{DE250399-D6CD-D511-4FB2-CC454BD1094E}.Debug|Any CPU.Build.0 = Debug|Any CPU
		{DE250399-D6CD-D511-4FB2-CC454BD1094E}.Release|Any CPU.ActiveCfg = Release|Any CPU
		{DE250399-D6CD-D511-4FB2-CC454BD1094E}.Release|Any CPU.Build.0 = Release|Any CPU
		{4311B17C-81B4-1FFC-FAD6-6BA52D144102}.Debug|Any CPU.ActiveCfg = Debug|Any CPU
		{4311B17C-81B4-1FFC-FAD6-6BA52D144102}.Debug|Any CPU.Build.0 = Debug|Any CPU
		{4311B17C-81B4-1FFC-FAD6-6BA52D144102}.Release|Any CPU.ActiveCfg = Release|Any CPU
		{4311B17C-81B4-1FFC-FAD6-6BA52D144102}.Release|Any CPU.Build.0 = Release|Any CPU
	EndGlobalSection
	GlobalSection(SolutionProperties) = preSolution
		HideSolutionNode = FALSE
	EndGlobalSection
																	GlobalSection(MonoDevelopProperties) = preSolution
		StartupItem = Assembly-CSharp.csproj
		Policies = $0
		$0.TextStylePolicy = $1
		$1.inheritsSet = null
		$1.scope = text/x-csharp
		$0.CSharpFormattingPolicy = $2
		$2.inheritsSet = Mono
		$2.inheritsScope = text/x-csharp
		$2.scope = text/x-csharp
		$0.TextStylePolicy = $3
		$3.FileWidth = 120
		$3.TabWidth = 4
		$3.EolMarker = Unix
		$3.inheritsSet = Mono
		$3.inheritsScope = text/plain
		$3.scope = text/plain
	EndGlobalSection

EndGlobal
